{
  "name": "@chronodivide/game-api-playground",
  "version": "1.0.0",
  "lockfileVersion": 1,
  "requires": true,
  "dependencies": {
    "@chronodivide/game-api": {
      "version": "file:chronodivide-game-api-0.15.0.tgz",
      "integrity": "sha512-XFunN8AJsF5LAnMb7DP670oNhyR7bngd3V6nVSKs3+xJ8CcAonX119tQnZtAHFpFnJN/Hb8h/iivOd6A1XoQSQ==",
      "requires": {
        "@types/three": "^0.83.5",
        "es-dirname": "^0.1.0",
        "file-system-access": "^1.0.1",
        "three": "0.83.0",
        "websocket-polyfill": "0.0.3"
      }
    },
    "@types/node": {
      "version": "14.17.32",
      "resolved": "https://registry.npmjs.org/@types/node/-/node-14.17.32.tgz",
      "integrity": "sha512-JcII3D5/OapPGx+eJ+Ik1SQGyt6WvuqdRfh9jUwL6/iHGjmyOriBDciBUu7lEIBTL2ijxwrR70WUnw5AEDmFvQ==",
      "dev": true
    },
    "@types/three": {
      "version": "0.83.5",
      "resolved": "https://registry.npmjs.org/@types/three/-/three-0.83.5.tgz",
      "integrity": "sha1-U8/l4QPxbUYK6pp+DFaApyEcwL4=",
      "requires": {
        "@types/webvr-api": "*"
      }
    },
    "@types/webvr-api": {
      "version": "0.0.36",
      "resolved": "https://registry.npmjs.org/@types/webvr-api/-/webvr-api-0.0.36.tgz",
      "integrity": "sha512-fGXlG8KA8cHOGR2BG7w40nSEKgAqg9h7cUm6zW1dSI7DCba7RvJNKGt0sgJzAXXvNzAAOcIGY6OpHEnKGhhjsQ=="
    },
    "@types/wicg-file-system-access": {
      "version": "2020.9.5",
      "resolved": "https://registry.npmjs.org/@types/wicg-file-system-access/-/wicg-file-system-access-2020.9.5.tgz",
      "integrity": "sha512-UYK244awtmcUYQfs7FR8710MJcefL2WvkyHMjA8yJzxd1mo0Gfn88sRZ1Bls7hiUhA2w7ne1gpJ9T5g3G0wOyA=="
    },
    "bufferutil": {
      "version": "4.0.6",
      "resolved": "https://registry.npmjs.org/bufferutil/-/bufferutil-4.0.6.tgz",
      "integrity": "sha512-jduaYOYtnio4aIAyc6UbvPCVcgq7nYpVnucyxr6eCYg/Woad9Hf/oxxBRDnGGjPfjUm6j5O/uBWhIu4iLebFaw==",
      "requires": {
        "node-gyp-build": "^4.3.0"
      }
    },
    "d": {
      "version": "1.0.1",
      "resolved": "https://registry.npmjs.org/d/-/d-1.0.1.tgz",
      "integrity": "sha512-m62ShEObQ39CfralilEQRjH6oAMtNCV1xJyEx5LpRYUVN+EviphDgUc/F3hnYbADmkiNs67Y+3ylmlG7Lnu+FA==",
      "requires": {
        "es5-ext": "^0.10.50",
        "type": "^1.0.1"
      }
    },
    "debug": {
      "version": "2.6.9",
      "resolved": "https://registry.npmjs.org/debug/-/debug-2.6.9.tgz",
      "integrity": "sha512-bC7ElrdJaJnPbAP+1EotYvqZsb3ecl5wi6Bfi6BJTUcNowp6cvspg0jXznRTKDjm/E7AdgFBVeAPVMNcKGsHMA==",
      "requires": {
        "ms": "2.0.0"
      }
    },
    "es-dirname": {
      "version": "0.1.0",
      "resolved": "https://registry.npmjs.org/es-dirname/-/es-dirname-0.1.0.tgz",
      "integrity": "sha512-tcTj4pVFXe5EdiHCybjynDTlvkwuNN6JCg9+5BVB+n9qQoMyWOtxpREoL7rGO3sCIAX55Y6CYZi4s1c30uxvPg=="
    },
    "es5-ext": {
      "version": "0.10.57",
      "resolved": "https://registry.npmjs.org/es5-ext/-/es5-ext-0.10.57.tgz",
      "integrity": "sha512-L7cCNoPwTkAp7IBHxrKLsh7NKiVFkcdxlP9vbVw9QUvb7gF0Mz9bEBN0WY9xqdTjGF907EMT/iG013vnbqwu1Q==",
      "requires": {
        "es6-iterator": "^2.0.3",
        "es6-symbol": "^3.1.3",
        "next-tick": "^1.1.0"
      }
    },
    "es6-iterator": {
      "version": "2.0.3",
      "resolved": "https://registry.npmjs.org/es6-iterator/-/es6-iterator-2.0.3.tgz",
      "integrity": "sha1-p96IkUGgWpSwhUQDstCg+/qY87c=",
      "requires": {
        "d": "1",
        "es5-ext": "^0.10.35",
        "es6-symbol": "^3.1.1"
      }
    },
    "es6-symbol": {
      "version": "3.1.3",
      "resolved": "https://registry.npmjs.org/es6-symbol/-/es6-symbol-3.1.3.tgz",
      "integrity": "sha512-NJ6Yn3FuDinBaBRWl/q5X/s4koRHBrgKAu+yGI6JCBeiu3qrcbJhwT2GeR/EXVfylRk8dpQVJoLEFhK+Mu31NA==",
      "requires": {
        "d": "^1.0.1",
        "ext": "^1.1.2"
      }
    },
    "ext": {
      "version": "1.6.0",
      "resolved": "https://registry.npmjs.org/ext/-/ext-1.6.0.tgz",
      "integrity": "sha512-sdBImtzkq2HpkdRLtlLWDa6w4DX22ijZLKx8BMPUuKe1c5lbN6xwQDQCxSfxBQnHZ13ls/FH0MQZx/q/gr6FQg==",
      "requires": {
        "type": "^2.5.0"
      },
      "dependencies": {
        "type": {
          "version": "2.6.0",
          "resolved": "https://registry.npmjs.org/type/-/type-2.6.0.tgz",
          "integrity": "sha512-eiDBDOmkih5pMbo9OqsqPRGMljLodLcwd5XD5JbtNB0o89xZAwynY9EdCDsJU7LtcVCClu9DvM7/0Ep1hYX3EQ=="
        }
      }
    },
    "fetch-blob": {
      "version": "3.1.4",
      "resolved": "https://registry.npmjs.org/fetch-blob/-/fetch-blob-3.1.4.tgz",
      "integrity": "sha512-Eq5Xv5+VlSrYWEqKrusxY1C3Hm/hjeAsCGVG3ft7pZahlUAChpGZT/Ms1WmSLnEAisEXszjzu/s+ce6HZB2VHA==",
      "requires": {
        "node-domexception": "^1.0.0",
        "web-streams-polyfill": "^3.0.3"
      }
    },
    "file-system-access": {
      "version": "1.0.2",
      "resolved": "https://registry.npmjs.org/file-system-access/-/file-system-access-1.0.2.tgz",
      "integrity": "sha512-Jcz6/xdjxon8SydmCajn67WjZm2VM7vgqt3C52Jeeqpv6SndZ7gKIwSS5+ie6V6XaiFZqlXBbJ1/Pzf+Y3/7cA==",
      "requires": {
        "@types/wicg-file-system-access": "^2020.9.2",
        "fetch-blob": "^3.0.0",
        "node-domexception": "^1.0.0",
        "web-streams-polyfill": "^3.1.0"
      }
    },
    "is-typedarray": {
      "version": "1.0.0",
      "resolved": "https://registry.npmjs.org/is-typedarray/-/is-typedarray-1.0.0.tgz",
      "integrity": "sha1-5HnICFjfDBsR3dppQPlgEfzaSpo="
    },
    "ms": {
      "version": "2.0.0",
      "resolved": "https://registry.npmjs.org/ms/-/ms-2.0.0.tgz",
      "integrity": "sha1-VgiurfwAvmwpAd9fmGF4jeDVl8g="
    },
    "next-tick": {
      "version": "1.1.0",
      "resolved": "https://registry.npmjs.org/next-tick/-/next-tick-1.1.0.tgz",
      "integrity": "sha512-CXdUiJembsNjuToQvxayPZF9Vqht7hewsvy2sOWafLvi2awflj9mOC6bHIg50orX8IJvWKY9wYQ/zB2kogPslQ=="
    },
    "node-domexception": {
      "version": "1.0.0",
      "resolved": "https://registry.npmjs.org/node-domexception/-/node-domexception-1.0.0.tgz",
      "integrity": "sha512-/jKZoMpw0F8GRwl4/eLROPA3cfcXtLApP0QzLmUT/HuPCZWyB7IY9ZrMeKw2O/nFIqPQB3PVM9aYm0F312AXDQ=="
    },
    "node-gyp-build": {
      "version": "4.3.0",
      "resolved": "https://registry.npmjs.org/node-gyp-build/-/node-gyp-build-4.3.0.tgz",
      "integrity": "sha512-iWjXZvmboq0ja1pUGULQBexmxq8CV4xBhX7VDOTbL7ZR4FOowwY/VOtRxBN/yKxmdGoIp4j5ysNT4u3S2pDQ3Q=="
    },
    "three": {
      "version": "0.83.0",
      "resolved": "https://registry.npmjs.org/three/-/three-0.83.0.tgz",
      "integrity": "sha1-O3+UeQrz4CHawfRKJhdWnKIDKws="
    },
    "tstl": {
      "version": "2.5.2",
      "resolved": "https://registry.npmjs.org/tstl/-/tstl-2.5.2.tgz",
      "integrity": "sha512-wkbvyG7qtShil9AE0asyOzHuDm3SLEKElsYACJw1+tmocWVI5vbW+ti9bV5XqAqjwNw6/YWCVzGKwazvhLYWdQ=="
    },
    "type": {
      "version": "1.2.0",
      "resolved": "https://registry.npmjs.org/type/-/type-1.2.0.tgz",
      "integrity": "sha512-+5nt5AAniqsCnu2cEQQdpzCAh33kVx8n0VoFidKpB1dVVLAN/F+bgVOqOJqOnEnrhp222clB5p3vUlD+1QAnfg=="
    },
    "typedarray-to-buffer": {
      "version": "3.1.5",
      "resolved": "https://registry.npmjs.org/typedarray-to-buffer/-/typedarray-to-buffer-3.1.5.tgz",
      "integrity": "sha512-zdu8XMNEDepKKR+XYOXAVPtWui0ly0NtohUscw+UmaHiAWT8hrV1rr//H6V+0DvJ3OQ19S979M0laLfX8rm82Q==",
      "requires": {
        "is-typedarray": "^1.0.0"
      }
    },
    "typescript": {
      "version": "4.3.5",
      "resolved": "https://registry.npmjs.org/typescript/-/typescript-4.3.5.tgz",
      "integrity": "sha512-DqQgihaQ9cUrskJo9kIyW/+g0Vxsk8cDtZ52a3NGh0YNTfpUSArXSohyUGnvbPazEPLu398C0UxmKSOrPumUzA==",
      "dev": true
    },
    "utf-8-validate": {
      "version": "5.0.9",
      "resolved": "https://registry.npmjs.org/utf-8-validate/-/utf-8-validate-5.0.9.tgz",
      "integrity": "sha512-Yek7dAy0v3Kl0orwMlvi7TPtiCNrdfHNd7Gcc/pLq4BLXqfAmd0J7OWMizUQnTTJsyjKn02mU7anqwfmUP4J8Q==",
      "requires": {
        "node-gyp-build": "^4.3.0"
      }
    },
    "web-streams-polyfill": {
      "version": "3.2.0",
      "resolved": "https://registry.npmjs.org/web-streams-polyfill/-/web-streams-polyfill-3.2.0.tgz",
      "integrity": "sha512-EqPmREeOzttaLRm5HS7io98goBgZ7IVz79aDvqjD0kYXLtFZTc0T/U6wHTPKyIjb+MdN7DFIIX6hgdBEpWmfPA=="
    },
    "websocket": {
      "version": "1.0.34",
      "resolved": "https://registry.npmjs.org/websocket/-/websocket-1.0.34.tgz",
      "integrity": "sha512-PRDso2sGwF6kM75QykIesBijKSVceR6jL2G8NGYyq2XrItNC2P5/qL5XeR056GhA+Ly7JMFvJb9I312mJfmqnQ==",
      "requires": {
        "bufferutil": "^4.0.1",
        "debug": "^2.2.0",
        "es5-ext": "^0.10.50",
        "typedarray-to-buffer": "^3.1.5",
        "utf-8-validate": "^5.0.2",
        "yaeti": "^0.0.6"
      }
    },
    "websocket-polyfill": {
      "version": "0.0.3",
      "resolved": "https://registry.npmjs.org/websocket-polyfill/-/websocket-polyfill-0.0.3.tgz",
      "integrity": "sha512-pF3kR8Uaoau78MpUmFfzbIRxXj9PeQrCuPepGE6JIsfsJ/o/iXr07Q2iQNzKSSblQJ0FiGWlS64N4pVSm+O3Dg==",
      "requires": {
        "tstl": "^2.0.7",
        "websocket": "^1.0.28"
      }
    },
    "yaeti": {
      "version": "0.0.6",
      "resolved": "https://registry.npmjs.org/yaeti/-/yaeti-0.0.6.tgz",
      "integrity": "sha1-8m9ITXJoTPQr7ft2lwqhYI+/lXc="
    }
  }
}
