{
  "name": "@chronodivide/game-api-playground",
  "version": "1.0.0",
  "lockfileVersion": 1,
  "requires": true,
  "dependencies": {
    "@chronodivide/game-api": {
      "version": "file:chronodivide-game-api-0.7.0.tgz",
      "integrity": "sha512-9yXhOdIhnp6DJveSrznEzIeGP/1ZNKxzrVClqURMO14NgJOPhgqMuAjTxTyADszPcEoVgYlbJAPWBbxRfH519Q==",
      "requires": {
        "@types/three": "^0.83.5"
      }
    },
    "@types/three": {
      "version": "0.83.5",
      "resolved": "https://registry.npmjs.org/@types/three/-/three-0.83.5.tgz",
      "integrity": "sha1-U8/l4QPxbUYK6pp+DFaApyEcwL4=",
      "requires": {
        "@types/webvr-api": "*"
      }
    },
    "@types/webvr-api": {
      "version": "0.0.36",
      "resolved": "https://registry.npmjs.org/@types/webvr-api/-/webvr-api-0.0.36.tgz",
      "integrity": "sha512-fGXlG8KA8cHOGR2BG7w40nSEKgAqg9h7cUm6zW1dSI7DCba7RvJNKGt0sgJzAXXvNzAAOcIGY6OpHEnKGhhjsQ=="
    },
    "typescript": {
      "version": "4.3.5",
      "resolved": "https://registry.npmjs.org/typescript/-/typescript-4.3.5.tgz",
      "integrity": "sha512-DqQgihaQ9cUrskJo9kIyW/+g0Vxsk8cDtZ52a3NGh0YNTfpUSArXSohyUGnvbPazEPLu398C0UxmKSOrPumUzA==",
      "dev": true
    }
  }
}
