{
  "name": "@chronodivide/game-api-playground",
  "version": "1.0.0",
  "lockfileVersion": 1,
  "requires": true,
  "dependencies": {
    "@chronodivide/game-api": {
      "version": "file:chronodivide-game-api-0.7.3.tgz",
      "integrity": "sha512-9l5VlZIaQMTw+4+fQPSXVujDbxulpcVHIO1ZocbChiEVDYs3Y7gq5PmDk/GNXyD5kMZEN4lEEaICb8lrNzUSWg==",
      "requires": {
        "@types/three": "^0.83.5",
        "file-system-access": "^1.0.1",
        "three": "0.83.0"
      }
    },
    "@types/node": {
      "version": "14.17.32",
      "resolved": "https://registry.npmjs.org/@types/node/-/node-14.17.32.tgz",
      "integrity": "sha512-JcII3D5/OapPGx+eJ+Ik1SQGyt6WvuqdRfh9jUwL6/iHGjmyOriBDciBUu7lEIBTL2ijxwrR70WUnw5AEDmFvQ==",
      "dev": true
    },
    "@types/three": {
      "version": "0.83.5",
      "resolved": "https://registry.npmjs.org/@types/three/-/three-0.83.5.tgz",
      "integrity": "sha1-U8/l4QPxbUYK6pp+DFaApyEcwL4=",
      "requires": {
        "@types/webvr-api": "*"
      }
    },
    "@types/webvr-api": {
      "version": "0.0.36",
      "resolved": "https://registry.npmjs.org/@types/webvr-api/-/webvr-api-0.0.36.tgz",
      "integrity": "sha512-fGXlG8KA8cHOGR2BG7w40nSEKgAqg9h7cUm6zW1dSI7DCba7RvJNKGt0sgJzAXXvNzAAOcIGY6OpHEnKGhhjsQ=="
    },
    "@types/wicg-file-system-access": {
      "version": "2020.9.4",
      "resolved": "https://registry.npmjs.org/@types/wicg-file-system-access/-/wicg-file-system-access-2020.9.4.tgz",
      "integrity": "sha512-o43jUljwP0ZrQ927mPjGdJaBMfS12nf3VPj6Z52fMucxILrSs8tnfLbMDSn6cP3hrrLChc3SYneeEvecknNVtA=="
    },
    "fetch-blob": {
      "version": "3.1.4",
      "resolved": "https://registry.npmjs.org/fetch-blob/-/fetch-blob-3.1.4.tgz",
      "integrity": "sha512-Eq5Xv5+VlSrYWEqKrusxY1C3Hm/hjeAsCGVG3ft7pZahlUAChpGZT/Ms1WmSLnEAisEXszjzu/s+ce6HZB2VHA==",
      "requires": {
        "node-domexception": "^1.0.0",
        "web-streams-polyfill": "^3.0.3"
      }
    },
    "file-system-access": {
      "version": "1.0.2",
      "resolved": "https://registry.npmjs.org/file-system-access/-/file-system-access-1.0.2.tgz",
      "integrity": "sha512-Jcz6/xdjxon8SydmCajn67WjZm2VM7vgqt3C52Jeeqpv6SndZ7gKIwSS5+ie6V6XaiFZqlXBbJ1/Pzf+Y3/7cA==",
      "requires": {
        "@types/wicg-file-system-access": "^2020.9.2",
        "fetch-blob": "^3.0.0",
        "node-domexception": "^1.0.0",
        "web-streams-polyfill": "^3.1.0"
      }
    },
    "node-domexception": {
      "version": "1.0.0",
      "resolved": "https://registry.npmjs.org/node-domexception/-/node-domexception-1.0.0.tgz",
      "integrity": "sha512-/jKZoMpw0F8GRwl4/eLROPA3cfcXtLApP0QzLmUT/HuPCZWyB7IY9ZrMeKw2O/nFIqPQB3PVM9aYm0F312AXDQ=="
    },
    "three": {
      "version": "0.83.0",
      "resolved": "https://registry.npmjs.org/three/-/three-0.83.0.tgz",
      "integrity": "sha1-O3+UeQrz4CHawfRKJhdWnKIDKws="
    },
    "typescript": {
      "version": "4.3.5",
      "resolved": "https://registry.npmjs.org/typescript/-/typescript-4.3.5.tgz",
      "integrity": "sha512-DqQgihaQ9cUrskJo9kIyW/+g0Vxsk8cDtZ52a3NGh0YNTfpUSArXSohyUGnvbPazEPLu398C0UxmKSOrPumUzA==",
      "dev": true
    },
    "web-streams-polyfill": {
      "version": "3.2.0",
      "resolved": "https://registry.npmjs.org/web-streams-polyfill/-/web-streams-polyfill-3.2.0.tgz",
      "integrity": "sha512-EqPmREeOzttaLRm5HS7io98goBgZ7IVz79aDvqjD0kYXLtFZTc0T/U6wHTPKyIjb+MdN7DFIIX6hgdBEpWmfPA=="
    }
  }
}
